github.com/pkg/errors v0.9.1 h1:FEBLx1zS214owpjy7qsBeixbURkuhQAwrK5UwLGTwt4=
github.com/pkg/errors v0.9.1/go.mod h1:bwawxfHBFNV+L2hUp1rHADufV3IMtnDRdf1r5NINEl0=
github.com/sidelight-labs/libc v1.0.2 h1:0ImmaoU+p5FsHP8PaGRj/jCeLctBNFy+O4TT1Ad8j20=
github.com/sidelight-labs/libc v1.0.2/go.mod h1:1ZqKeNJ0u/rJ/9SRKHxtWvk19bDnXZFKc3dKYTugM5U=
